
Microsoft Visual Studio Solution File, Format Version 12.00
# Visual Studio Version 16
VisualStudioVersion = 16.0.29613.14
MinimumVisualStudioVersion = 10.0.40219.1
Project("{FAE04EC0-301F-11D3-BF4B-00C04F79EFBC}") = "EloadasProject", "EloadasProject\EloadasProject.csproj", "{35E1A198-CEEF-4957-908A-DC6CBA38741D}"
EndProject
Global
	GlobalSection(SolutionConfigurationPlatforms) = preSolution
		Debug|Any CPU = Debug|Any CPU
		Release|Any CPU = Release|Any CPU
	EndGlobalSection
	GlobalSection(ProjectConfigurationPlatforms) = postSolution
		{35E1A198-CEEF-4957-908A-DC6CBA38741D}.Debug|Any CPU.ActiveCfg = Debug|Any CPU
		{35E1A198-CEEF-4957-908A-DC6CBA38741D}.Debug|Any CPU.Build.0 = Debug|Any CPU
		{35E1A198-CEEF-4957-908A-DC6CBA38741D}.Release|Any CPU.ActiveCfg = Release|Any CPU
		{35E1A198-CEEF-4957-908A-DC6CBA38741D}.Release|Any CPU.Build.0 = Release|Any CPU
	EndGlobalSection
	GlobalSection(SolutionProperties) = preSolution
		HideSolutionNode = FALSE
	EndGlobalSection
	GlobalSection(ExtensibilityGlobals) = postSolution
		SolutionGuid = {51A4A89E-880C-456C-9C32-68E62761C7B1}
	EndGlobalSection
EndGlobal
